// !$*UTF8*$!
{
	archiveVersion = 1;
	classes = {
	};
	objectVersion = 110;
	objects = {

/* Begin PBXBuildFile section */
		32159191305C3F46009DC298 /* Locus Launcher.icon in Resources */ = {isa = PBXBuildFile; fileRef = 32159190305C3F46009DC298 /* Locus Launcher.icon */; };
		32159202305C3F46009DC298 /* Sparkle in Frameworks */ = {isa = PBXBuildFile; productRef = 32159201305C3F46009DC298 /* Sparkle */; };
		32159204305C3F46009DC298 /* KeyboardShortcuts in Frameworks */ = {isa = PBXBuildFile; productRef = 32159206305C3F46009DC298 /* KeyboardShortcuts */; };
/* End PBXBuildFile section */

/* Begin PBXFileReference section */
		3215917C305C3F44009DC298 /* Locus Launcher.app */ = {isa = PBXFileReference; explicitFileType = wrapper.application; includeInIndex = 0; path = "Locus Launcher.app"; sourceTree = BUILT_PRODUCTS_DIR; };
		3215918A305C3F46009DC298 /* .swiftlint.yml */ = {isa = PBXFileReference; lastKnownFileType = text.yaml; path = .swiftlint.yml; sourceTree = "<group>"; };
		3215918B305C3F46009DC298 /* .gitignore */ = {isa = PBXFileReference; lastKnownFileType = text; path = .gitignore; sourceTree = "<group>"; };
		3215918C305C3F46009DC298 /* AGENTS.md */ = {isa = PBXFileReference; lastKnownFileType = net.daringfireball.markdown; path = AGENTS.md; sourceTree = "<group>"; };
		32159190305C3F46009DC298 /* Locus Launcher.icon */ = {isa = PBXFileReference; lastKnownFileType = folder.iconcomposer.icon; path = "Locus Launcher.icon"; sourceTree = "<group>"; };
		32159300305C3F46009DC298 /* Locus Launcher Tests.xctest */ = {isa = PBXFileReference; explicitFileType = wrapper.cfbundle; includeInIndex = 0; path = "Locus Launcher Tests.xctest"; sourceTree = BUILT_PRODUCTS_DIR; };
/* End PBXFileReference section */

/* Begin PBXFileSystemSynchronizedBuildFileExceptionSet section */
		32159203305C3F46009DC298 /* Exceptions for "LocusLauncher" folder in "Locus Launcher" target */ = {
			isa = PBXFileSystemSynchronizedBuildFileExceptionSet;
			membershipExceptions = (
				SupportingFiles/Info.plist,
			);
			target = 3215917B305C3F44009DC298 /* Locus Launcher */;
		};
		32159303305C3F46009DC298 /* Exceptions for "LocusLauncher" folder in "Locus Launcher Tests" target */ = {
			isa = PBXFileSystemSynchronizedBuildFileExceptionSet;
			membershipExceptions = (
				AppActions/AppAction.swift,
				AppBrowsing/BrowseList.swift,
				AppIndex/AppLocationPolicy.swift,
				AppIndex/DuplicateAppResolver.swift,
				AppIndex/IndexedApp.swift,
				AppSearch/AppSearchIndex.swift,
				AppSearch/FuzzyMatcher.swift,
				AppSearch/LaunchHistory.swift,
				AppShortcuts/AppShortcutList.swift,
				HiddenApps/HiddenAppList.swift,
				ICloudSync/SyncMerge.swift,
				SpotlightShortcut/SpotlightHotKeys.swift,
			);
			target = 32159301305C3F46009DC298 /* Locus Launcher Tests */;
		};
/* End PBXFileSystemSynchronizedBuildFileExceptionSet section */

/* Begin PBXFileSystemSynchronizedRootGroup section */
		3215917E305C3F44009DC298 /* LocusLauncher */ = {
			isa = PBXFileSystemSynchronizedRootGroup;
			exceptions = (
				32159203305C3F46009DC298 /* Exceptions for "LocusLauncher" folder in "Locus Launcher" target */,
				32159303305C3F46009DC298 /* Exceptions for "LocusLauncher" folder in "Locus Launcher Tests" target */,
			);
			path = LocusLauncher;
			sourceTree = "<group>";
		};
		32159302305C3F46009DC298 /* LocusLauncherTests */ = {
			isa = PBXFileSystemSynchronizedRootGroup;
			path = LocusLauncherTests;
			sourceTree = "<group>";
		};
/* End PBXFileSystemSynchronizedRootGroup section */

/* Begin PBXFrameworksBuildPhase section */
		32159179305C3F44009DC298 /* Frameworks */ = {
			isa = PBXFrameworksBuildPhase;
			files = (
				32159202305C3F46009DC298 /* Sparkle in Frameworks */,
				32159204305C3F46009DC298 /* KeyboardShortcuts in Frameworks */,
			);
		};
		32159305305C3F46009DC298 /* Frameworks */ = {
			isa = PBXFrameworksBuildPhase;
			files = (
			);
		};
/* End PBXFrameworksBuildPhase section */

/* Begin PBXGroup section */
		32159173305C3F44009DC298 = {
			isa = PBXGroup;
			children = (
				3215917E305C3F44009DC298 /* LocusLauncher */,
				32159302305C3F46009DC298 /* LocusLauncherTests */,
				3215917D305C3F44009DC298 /* Products */,
				32159190305C3F46009DC298 /* Locus Launcher.icon */,
				3215918A305C3F46009DC298 /* .swiftlint.yml */,
				3215918B305C3F46009DC298 /* .gitignore */,
				3215918C305C3F46009DC298 /* AGENTS.md */,
			);
			sourceTree = "<group>";
		};
		3215917D305C3F44009DC298 /* Products */ = {
			isa = PBXGroup;
			children = (
				3215917C305C3F44009DC298 /* Locus Launcher.app */,
				32159300305C3F46009DC298 /* Locus Launcher Tests.xctest */,
			);
			name = Products;
			sourceTree = "<group>";
		};
/* End PBXGroup section */

/* Begin PBXNativeTarget section */
		3215917B305C3F44009DC298 /* Locus Launcher */ = {
			isa = PBXNativeTarget;
			buildConfigurationList = 32159187305C3F45009DC298 /* Build configuration list for PBXNativeTarget "Locus Launcher" */;
			buildPhases = (
				32159178305C3F44009DC298 /* Sources */,
				32159179305C3F44009DC298 /* Frameworks */,
				3215917A305C3F44009DC298 /* Resources */,
			);
			buildRules = (
			);
			dependencies = (
				3215918F305C3F46009DC298 /* PBXTargetDependency */,
			);
			fileSystemSynchronizedGroups = (
				3215917E305C3F44009DC298 /* LocusLauncher */,
			);
			name = "Locus Launcher";
			packageProductDependencies = (
				32159201305C3F46009DC298 /* Sparkle */,
				32159206305C3F46009DC298 /* KeyboardShortcuts */,
			);
			productName = "Locus Launcher";
			productReference = 3215917C305C3F44009DC298 /* Locus Launcher.app */;
			productType = "com.apple.product-type.application";
		};
		32159301305C3F46009DC298 /* Locus Launcher Tests */ = {
			isa = PBXNativeTarget;
			buildConfigurationList = 32159307305C3F46009DC298 /* Build configuration list for PBXNativeTarget "Locus Launcher Tests" */;
			buildPhases = (
				32159304305C3F46009DC298 /* Sources */,
				32159305305C3F46009DC298 /* Frameworks */,
				32159306305C3F46009DC298 /* Resources */,
			);
			buildRules = (
			);
			dependencies = (
				3215930A305C3F46009DC298 /* PBXTargetDependency */,
			);
			fileSystemSynchronizedGroups = (
				32159302305C3F46009DC298 /* LocusLauncherTests */,
			);
			name = "Locus Launcher Tests";
			productName = "Locus Launcher Tests";
			productReference = 32159300305C3F46009DC298 /* Locus Launcher Tests.xctest */;
			productType = "com.apple.product-type.bundle.unit-test";
		};
/* End PBXNativeTarget section */

/* Begin PBXProject section */
		32159174305C3F44009DC298 /* Project object */ = {
			isa = PBXProject;
			attributes = {
				BuildIndependentTargetsInParallel = 1;
				LastSwiftUpdateCheck = 2700;
				LastUpgradeCheck = 2700;
				TargetAttributes = {
					3215917B305C3F44009DC298 = {
						CreatedOnToolsVersion = 27.0;
					};
					32159301305C3F46009DC298 = {
						CreatedOnToolsVersion = 27.0;
					};
				};
			};
			buildConfigurationList = 32159177305C3F44009DC298 /* Build configuration list for PBXProject "Locus Launcher" */;
			developmentRegion = en;
			hasScannedForEncodings = 0;
			knownRegions = (
				en,
				Base,
			);
			mainGroup = 32159173305C3F44009DC298;
			minimizedProjectReferenceProxies = 1;
			packageReferences = (
				3215918D305C3F46009DC298 /* XCRemoteSwiftPackageReference "SwiftLintPlugins" */,
				32159200305C3F46009DC298 /* XCRemoteSwiftPackageReference "Sparkle" */,
				32159205305C3F46009DC298 /* XCRemoteSwiftPackageReference "KeyboardShortcuts" */,
			);
			preferredProjectObjectVersion = 77;
			productRefGroup = 3215917D305C3F44009DC298 /* Products */;
			projectDirPath = "";
			projectRoot = "";
			targets = (
				3215917B305C3F44009DC298 /* Locus Launcher */,
				32159301305C3F46009DC298 /* Locus Launcher Tests */,
			);
		};
/* End PBXProject section */

/* Begin PBXResourcesBuildPhase section */
		3215917A305C3F44009DC298 /* Resources */ = {
			isa = PBXResourcesBuildPhase;
			files = (
				32159191305C3F46009DC298 /* Locus Launcher.icon in Resources */,
			);
		};
		32159306305C3F46009DC298 /* Resources */ = {
			isa = PBXResourcesBuildPhase;
			files = (
			);
		};
/* End PBXResourcesBuildPhase section */

/* Begin PBXSourcesBuildPhase section */
		32159178305C3F44009DC298 /* Sources */ = {
			isa = PBXSourcesBuildPhase;
			files = (
			);
		};
		32159304305C3F46009DC298 /* Sources */ = {
			isa = PBXSourcesBuildPhase;
			files = (
			);
		};
/* End PBXSourcesBuildPhase section */

/* Begin PBXTargetDependency section */
		3215918F305C3F46009DC298 /* PBXTargetDependency */ = {
			isa = PBXTargetDependency;
			productRef = 3215918E305C3F46009DC298 /* SwiftLintBuildToolPlugin */;
		};
		3215930A305C3F46009DC298 /* PBXTargetDependency */ = {
			isa = PBXTargetDependency;
			productRef = 3215930B305C3F46009DC298 /* SwiftLintBuildToolPlugin */;
		};
/* End PBXTargetDependency section */

/* Begin XCBuildConfiguration section */
		32159185305C3F45009DC298 /* Debug configuration for PBXProject "Locus Launcher" */ = {
			isa = XCBuildConfiguration;
			buildSettings = {
				ALWAYS_SEARCH_USER_PATHS = NO;
				ASSETCATALOG_COMPILER_GENERATE_SWIFT_ASSET_SYMBOL_EXTENSIONS = YES;
				CLANG_ANALYZER_NONNULL = YES;
				CLANG_ANALYZER_NUMBER_OBJECT_CONVERSION = YES_AGGRESSIVE;
				CLANG_CXX_LANGUAGE_STANDARD = "gnu++20";
				CLANG_ENABLE_MODULES = YES;
				CLANG_ENABLE_OBJC_ARC = YES;
				CLANG_ENABLE_OBJC_WEAK = YES;
				CLANG_WARN_BLOCK_CAPTURE_AUTORELEASING = YES;
				CLANG_WARN_BOOL_CONVERSION = YES;
				CLANG_WARN_COMMA = YES;
				CLANG_WARN_CONSTANT_CONVERSION = YES;
				CLANG_WARN_DEPRECATED_OBJC_IMPLEMENTATIONS = YES;
				CLANG_WARN_DIRECT_OBJC_ISA_USAGE = YES_ERROR;
				CLANG_WARN_DOCUMENTATION_COMMENTS = YES;
				CLANG_WARN_EMPTY_BODY = YES;
				CLANG_WARN_ENUM_CONVERSION = YES;
				CLANG_WARN_INFINITE_RECURSION = YES;
				CLANG_WARN_INT_CONVERSION = YES;
				CLANG_WARN_NON_LITERAL_NULL_CONVERSION = YES;
				CLANG_WARN_OBJC_IMPLICIT_RETAIN_SELF = YES;
				CLANG_WARN_OBJC_LITERAL_CONVERSION = YES;
				CLANG_WARN_OBJC_ROOT_CLASS = YES_ERROR;
				CLANG_WARN_QUOTED_INCLUDE_IN_FRAMEWORK_HEADER = YES;
				CLANG_WARN_RANGE_LOOP_ANALYSIS = YES;
				CLANG_WARN_STRICT_PROTOTYPES = YES;
				CLANG_WARN_SUSPICIOUS_MOVE = YES;
				CLANG_WARN_UNGUARDED_AVAILABILITY = YES_AGGRESSIVE;
				CLANG_WARN_UNREACHABLE_CODE = YES;
				CLANG_WARN__DUPLICATE_METHOD_MATCH = YES;
				COPY_PHASE_STRIP = NO;
				DEBUG_INFORMATION_FORMAT = dwarf;
				DEVELOPMENT_TEAM = CQZ49H6WAK;
				ENABLE_STRICT_OBJC_MSGSEND = YES;
				ENABLE_TESTABILITY = YES;
				ENABLE_USER_SCRIPT_SANDBOXING = YES;
				GCC_C_LANGUAGE_STANDARD = gnu17;
				GCC_DYNAMIC_NO_PIC = NO;
				GCC_NO_COMMON_BLOCKS = YES;
				GCC_OPTIMIZATION_LEVEL = 0;
				GCC_PREPROCESSOR_DEFINITIONS = (
					"DEBUG=1",
					"$(inherited)",
				);
				GCC_WARN_64_TO_32_BIT_CONVERSION = YES;
				GCC_WARN_ABOUT_RETURN_TYPE = YES_ERROR;
				GCC_WARN_UNDECLARED_SELECTOR = YES;
				GCC_WARN_UNINITIALIZED_AUTOS = YES_AGGRESSIVE;
				GCC_WARN_UNUSED_FUNCTION = YES;
				GCC_WARN_UNUSED_VARIABLE = YES;
				LOCALIZATION_PREFERS_STRING_CATALOGS = YES;
				MACOSX_DEPLOYMENT_TARGET = 26.0;
				MTL_ENABLE_DEBUG_INFO = INCLUDE_SOURCE;
				MTL_FAST_MATH = YES;
				ONLY_ACTIVE_ARCH = YES;
				SDKROOT = macosx;
				SWIFT_ACTIVE_COMPILATION_CONDITIONS = "DEBUG $(inherited)";
				SWIFT_OPTIMIZATION_LEVEL = "-Onone";
			};
			name = Debug;
		};
		32159186305C3F45009DC298 /* Release configuration for PBXProject "Locus Launcher" */ = {
			isa = XCBuildConfiguration;
			buildSettings = {
				ALWAYS_SEARCH_USER_PATHS = NO;
				ASSETCATALOG_COMPILER_GENERATE_SWIFT_ASSET_SYMBOL_EXTENSIONS = YES;
				CLANG_ANALYZER_NONNULL = YES;
				CLANG_ANALYZER_NUMBER_OBJECT_CONVERSION = YES_AGGRESSIVE;
				CLANG_CXX_LANGUAGE_STANDARD = "gnu++20";
				CLANG_ENABLE_MODULES = YES;
				CLANG_ENABLE_OBJC_ARC = YES;
				CLANG_ENABLE_OBJC_WEAK = YES;
				CLANG_WARN_BLOCK_CAPTURE_AUTORELEASING = YES;
				CLANG_WARN_BOOL_CONVERSION = YES;
				CLANG_WARN_COMMA = YES;
				CLANG_WARN_CONSTANT_CONVERSION = YES;
				CLANG_WARN_DEPRECATED_OBJC_IMPLEMENTATIONS = YES;
				CLANG_WARN_DIRECT_OBJC_ISA_USAGE = YES_ERROR;
				CLANG_WARN_DOCUMENTATION_COMMENTS = YES;
				CLANG_WARN_EMPTY_BODY = YES;
				CLANG_WARN_ENUM_CONVERSION = YES;
				CLANG_WARN_INFINITE_RECURSION = YES;
				CLANG_WARN_INT_CONVERSION = YES;
				CLANG_WARN_NON_LITERAL_NULL_CONVERSION = YES;
				CLANG_WARN_OBJC_IMPLICIT_RETAIN_SELF = YES;
				CLANG_WARN_OBJC_LITERAL_CONVERSION = YES;
				CLANG_WARN_OBJC_ROOT_CLASS = YES_ERROR;
				CLANG_WARN_QUOTED_INCLUDE_IN_FRAMEWORK_HEADER = YES;
				CLANG_WARN_RANGE_LOOP_ANALYSIS = YES;
				CLANG_WARN_STRICT_PROTOTYPES = YES;
				CLANG_WARN_SUSPICIOUS_MOVE = YES;
				CLANG_WARN_UNGUARDED_AVAILABILITY = YES_AGGRESSIVE;
				CLANG_WARN_UNREACHABLE_CODE = YES;
				CLANG_WARN__DUPLICATE_METHOD_MATCH = YES;
				COPY_PHASE_STRIP = NO;
				DEBUG_INFORMATION_FORMAT = "dwarf-with-dsym";
				DEVELOPMENT_TEAM = CQZ49H6WAK;
				ENABLE_NS_ASSERTIONS = NO;
				ENABLE_STRICT_OBJC_MSGSEND = YES;
				ENABLE_USER_SCRIPT_SANDBOXING = YES;
				GCC_C_LANGUAGE_STANDARD = gnu17;
				GCC_NO_COMMON_BLOCKS = YES;
				GCC_WARN_64_TO_32_BIT_CONVERSION = YES;
				GCC_WARN_ABOUT_RETURN_TYPE = YES_ERROR;
				GCC_WARN_UNDECLARED_SELECTOR = YES;
				GCC_WARN_UNINITIALIZED_AUTOS = YES_AGGRESSIVE;
				GCC_WARN_UNUSED_FUNCTION = YES;
				GCC_WARN_UNUSED_VARIABLE = YES;
				LOCALIZATION_PREFERS_STRING_CATALOGS = YES;
				MACOSX_DEPLOYMENT_TARGET = 26.0;
				MTL_ENABLE_DEBUG_INFO = NO;
				MTL_FAST_MATH = YES;
				SDKROOT = macosx;
				SWIFT_COMPILATION_MODE = wholemodule;
			};
			name = Release;
		};
		32159188305C3F45009DC298 /* Debug configuration for PBXNativeTarget "Locus Launcher" */ = {
			isa = XCBuildConfiguration;
			buildSettings = {
				ASSETCATALOG_COMPILER_APPICON_NAME = "Locus Launcher";
				ASSETCATALOG_COMPILER_GLOBAL_ACCENT_COLOR_NAME = AccentColor;
				CODE_SIGN_ENTITLEMENTS = LocusLauncher/SupportingFiles/LocusLauncher.entitlements;
				CODE_SIGN_STYLE = Automatic;
				COMBINE_HIDPI_IMAGES = YES;
				CURRENT_PROJECT_VERSION = 2026.0.11;
				DEVELOPMENT_TEAM = CQZ49H6WAK;
				ENABLE_HARDENED_RUNTIME = YES;
				ENABLE_PREVIEWS = YES;
				GENERATE_INFOPLIST_FILE = YES;
				INFOPLIST_FILE = LocusLauncher/SupportingFiles/Info.plist;
				INFOPLIST_KEY_LSApplicationCategoryType = "public.app-category.productivity";
				INFOPLIST_KEY_LSUIElement = YES;
				INFOPLIST_KEY_NSHumanReadableCopyright = "Copyright © 2026 TJ Draper. MIT License.";
				LD_RUNPATH_SEARCH_PATHS = (
					"$(inherited)",
					"@executable_path/../Frameworks",
				);
				MARKETING_VERSION = 2026.0.11;
				PRODUCT_BUNDLE_IDENTIFIER = com.buzzingpixel.LocusLauncher;
				PRODUCT_NAME = "$(TARGET_NAME)";
				STRING_CATALOG_GENERATE_SYMBOLS = YES;
				SWIFT_APPROACHABLE_CONCURRENCY = YES;
				SWIFT_DEFAULT_ACTOR_ISOLATION = MainActor;
				SWIFT_EMIT_LOC_STRINGS = YES;
				SWIFT_UPCOMING_FEATURE_MEMBER_IMPORT_VISIBILITY = YES;
				SWIFT_VERSION = 6.0;
			};
			name = Debug;
		};
		32159189305C3F45009DC298 /* Release configuration for PBXNativeTarget "Locus Launcher" */ = {
			isa = XCBuildConfiguration;
			buildSettings = {
				ASSETCATALOG_COMPILER_APPICON_NAME = "Locus Launcher";
				ASSETCATALOG_COMPILER_GLOBAL_ACCENT_COLOR_NAME = AccentColor;
				CODE_SIGN_ENTITLEMENTS = LocusLauncher/SupportingFiles/LocusLauncher.entitlements;
				CODE_SIGN_STYLE = Automatic;
				COMBINE_HIDPI_IMAGES = YES;
				CURRENT_PROJECT_VERSION = 2026.0.11;
				DEVELOPMENT_TEAM = CQZ49H6WAK;
				ENABLE_HARDENED_RUNTIME = YES;
				ENABLE_PREVIEWS = YES;
				GENERATE_INFOPLIST_FILE = YES;
				INFOPLIST_FILE = LocusLauncher/SupportingFiles/Info.plist;
				INFOPLIST_KEY_LSApplicationCategoryType = "public.app-category.productivity";
				INFOPLIST_KEY_LSUIElement = YES;
				INFOPLIST_KEY_NSHumanReadableCopyright = "Copyright © 2026 TJ Draper. MIT License.";
				LD_RUNPATH_SEARCH_PATHS = (
					"$(inherited)",
					"@executable_path/../Frameworks",
				);
				MARKETING_VERSION = 2026.0.11;
				PRODUCT_BUNDLE_IDENTIFIER = com.buzzingpixel.LocusLauncher;
				PRODUCT_NAME = "$(TARGET_NAME)";
				STRING_CATALOG_GENERATE_SYMBOLS = YES;
				SWIFT_APPROACHABLE_CONCURRENCY = YES;
				SWIFT_DEFAULT_ACTOR_ISOLATION = MainActor;
				SWIFT_EMIT_LOC_STRINGS = YES;
				SWIFT_UPCOMING_FEATURE_MEMBER_IMPORT_VISIBILITY = YES;
				SWIFT_VERSION = 6.0;
			};
			name = Release;
		};
		32159308305C3F46009DC298 /* Debug configuration for PBXNativeTarget "Locus Launcher Tests" */ = {
			isa = XCBuildConfiguration;
			buildSettings = {
				CODE_SIGN_STYLE = Automatic;
				CURRENT_PROJECT_VERSION = 2026.0.11;
				DEVELOPMENT_TEAM = CQZ49H6WAK;
				GENERATE_INFOPLIST_FILE = YES;
				MARKETING_VERSION = 2026.0.11;
				PRODUCT_BUNDLE_IDENTIFIER = com.buzzingpixel.LocusLauncherTests;
				PRODUCT_NAME = "$(TARGET_NAME)";
				SWIFT_APPROACHABLE_CONCURRENCY = YES;
				SWIFT_DEFAULT_ACTOR_ISOLATION = MainActor;
				SWIFT_EMIT_LOC_STRINGS = NO;
				SWIFT_UPCOMING_FEATURE_MEMBER_IMPORT_VISIBILITY = YES;
				SWIFT_VERSION = 6.0;
			};
			name = Debug;
		};
		32159309305C3F46009DC298 /* Release configuration for PBXNativeTarget "Locus Launcher Tests" */ = {
			isa = XCBuildConfiguration;
			buildSettings = {
				CODE_SIGN_STYLE = Automatic;
				CURRENT_PROJECT_VERSION = 2026.0.11;
				DEVELOPMENT_TEAM = CQZ49H6WAK;
				GENERATE_INFOPLIST_FILE = YES;
				MARKETING_VERSION = 2026.0.11;
				PRODUCT_BUNDLE_IDENTIFIER = com.buzzingpixel.LocusLauncherTests;
				PRODUCT_NAME = "$(TARGET_NAME)";
				SWIFT_APPROACHABLE_CONCURRENCY = YES;
				SWIFT_DEFAULT_ACTOR_ISOLATION = MainActor;
				SWIFT_EMIT_LOC_STRINGS = NO;
				SWIFT_UPCOMING_FEATURE_MEMBER_IMPORT_VISIBILITY = YES;
				SWIFT_VERSION = 6.0;
			};
			name = Release;
		};
/* End XCBuildConfiguration section */

/* Begin XCConfigurationList section */
		32159177305C3F44009DC298 /* Build configuration list for PBXProject "Locus Launcher" */ = {
			isa = XCConfigurationList;
			buildConfigurations = (
				32159185305C3F45009DC298 /* Debug configuration for PBXProject "Locus Launcher" */,
				32159186305C3F45009DC298 /* Release configuration for PBXProject "Locus Launcher" */,
			);
			defaultConfigurationName = Release;
		};
		32159187305C3F45009DC298 /* Build configuration list for PBXNativeTarget "Locus Launcher" */ = {
			isa = XCConfigurationList;
			buildConfigurations = (
				32159188305C3F45009DC298 /* Debug configuration for PBXNativeTarget "Locus Launcher" */,
				32159189305C3F45009DC298 /* Release configuration for PBXNativeTarget "Locus Launcher" */,
			);
			defaultConfigurationName = Release;
		};
		32159307305C3F46009DC298 /* Build configuration list for PBXNativeTarget "Locus Launcher Tests" */ = {
			isa = XCConfigurationList;
			buildConfigurations = (
				32159308305C3F46009DC298 /* Debug configuration for PBXNativeTarget "Locus Launcher Tests" */,
				32159309305C3F46009DC298 /* Release configuration for PBXNativeTarget "Locus Launcher Tests" */,
			);
			defaultConfigurationName = Release;
		};
/* End XCConfigurationList section */

/* Begin XCRemoteSwiftPackageReference section */
		3215918D305C3F46009DC298 /* XCRemoteSwiftPackageReference "SwiftLintPlugins" */ = {
			isa = XCRemoteSwiftPackageReference;
			repositoryURL = "https://github.com/SimplyDanny/SwiftLintPlugins";
			requirement = {
				kind = exactVersion;
				version = 0.63.2;
			};
		};
		32159200305C3F46009DC298 /* XCRemoteSwiftPackageReference "Sparkle" */ = {
			isa = XCRemoteSwiftPackageReference;
			repositoryURL = "https://github.com/sparkle-project/Sparkle";
			requirement = {
				kind = exactVersion;
				version = 2.10.0;
			};
		};
		32159205305C3F46009DC298 /* XCRemoteSwiftPackageReference "KeyboardShortcuts" */ = {
			isa = XCRemoteSwiftPackageReference;
			repositoryURL = "https://github.com/sindresorhus/KeyboardShortcuts";
			requirement = {
				kind = exactVersion;
				version = 3.1.0;
			};
		};
/* End XCRemoteSwiftPackageReference section */

/* Begin XCSwiftPackageProductDependency section */
		3215918E305C3F46009DC298 /* SwiftLintBuildToolPlugin */ = {
			isa = XCSwiftPackageProductDependency;
			package = 3215918D305C3F46009DC298 /* XCRemoteSwiftPackageReference "SwiftLintPlugins" */;
			productName = "plugin:SwiftLintBuildToolPlugin";
		};
		32159201305C3F46009DC298 /* Sparkle */ = {
			isa = XCSwiftPackageProductDependency;
			package = 32159200305C3F46009DC298 /* XCRemoteSwiftPackageReference "Sparkle" */;
			productName = Sparkle;
		};
		32159206305C3F46009DC298 /* KeyboardShortcuts */ = {
			isa = XCSwiftPackageProductDependency;
			package = 32159205305C3F46009DC298 /* XCRemoteSwiftPackageReference "KeyboardShortcuts" */;
			productName = KeyboardShortcuts;
		};
		3215930B305C3F46009DC298 /* SwiftLintBuildToolPlugin */ = {
			isa = XCSwiftPackageProductDependency;
			package = 3215918D305C3F46009DC298 /* XCRemoteSwiftPackageReference "SwiftLintPlugins" */;
			productName = "plugin:SwiftLintBuildToolPlugin";
		};
/* End XCSwiftPackageProductDependency section */
	};
	rootObject = 32159174305C3F44009DC298 /* Project object */;
	validationLevel = 1;
}
